// !$*UTF8*$!
{
	archiveVersion = 1;
	classes = {
	};
	objectVersion = 77;
	objects = {

/* Begin PBXBuildFile section */
		008D9DA98E3D92AA0CF1F742 /* WaveformRangeSelectorView.swift in Sources */ = {isa = PBXBuildFile; fileRef = E0520DF8701555C7D9FDE6B1 /* WaveformRangeSelectorView.swift */; };
		04E3E4F391AE053F2589DFE8 /* ReportPostView.swift in Sources */ = {isa = PBXBuildFile; fileRef = 43D7D8C7F199F76C143A79CF /* ReportPostView.swift */; };
		0EBC7900F2E77A575BB868DD /* SearchViewModel.swift in Sources */ = {isa = PBXBuildFile; fileRef = 250136EC4050EE8B36C510F0 /* SearchViewModel.swift */; };
		1BAC1A4AAB4C36BB2497768F /* LikeStateManager.swift in Sources */ = {isa = PBXBuildFile; fileRef = D6EA5CCB0C2932678DC51B1B /* LikeStateManager.swift */; };
		219FE52D6AF412D066A7E6B6 /* PlaybackStateManager.swift in Sources */ = {isa = PBXBuildFile; fileRef = 7DF565896700D09A709FBDCF /* PlaybackStateManager.swift */; };
		22374B8C915C6C2A632B5CB4 /* CreatePostViewModel.swift in Sources */ = {isa = PBXBuildFile; fileRef = 768D8C22E45F8AE834820E74 /* CreatePostViewModel.swift */; };
		28037D9B9E9E38F3A16864F0 /* FeedView.swift in Sources */ = {isa = PBXBuildFile; fileRef = 350488B629EE3F78ECB253A4 /* FeedView.swift */; };
		37519DAEFD2AFAF8140A10CF /* SugarBeatApp.swift in Sources */ = {isa = PBXBuildFile; fileRef = 5EC006309F1FF7C328CBEB44 /* SugarBeatApp.swift */; };
		423A8DAC58D7DCD6A6EB95C5 /* AuthModels.swift in Sources */ = {isa = PBXBuildFile; fileRef = 911D9E5277B18C5968D58A59 /* AuthModels.swift */; };
		4330CF90B8BC7F5DCFD7B3EE /* Comment.swift in Sources */ = {isa = PBXBuildFile; fileRef = 760BCEECA6AEEF2E0043C8EF /* Comment.swift */; };
		4698B03E006E9296A0426AAD /* MusicKitManager.swift in Sources */ = {isa = PBXBuildFile; fileRef = B26CCED5DF000501172A4A27 /* MusicKitManager.swift */; };
		4DFA5E2032F7D459A2F331C0 /* AuthManager.swift in Sources */ = {isa = PBXBuildFile; fileRef = BEF833FDBBEE9FB9BFB18595 /* AuthManager.swift */; };
		5293E5DCAF836184BA11806E /* CommentStateManager.swift in Sources */ = {isa = PBXBuildFile; fileRef = EA3351B47836AD31B921B1AA /* CommentStateManager.swift */; };
		54E4C722674ADCAC481A8229 /* UserProfileViewModel.swift in Sources */ = {isa = PBXBuildFile; fileRef = C81162C40CE0C846263B8F88 /* UserProfileViewModel.swift */; };
		5839C234EB4D5E683531E46D /* MusicModels.swift in Sources */ = {isa = PBXBuildFile; fileRef = 8C9884B287176970FED46424 /* MusicModels.swift */; };
		59F9EA298EDF367D824D11DD /* ReportCommentView.swift in Sources */ = {isa = PBXBuildFile; fileRef = D2982798B19A2ED82053F9D1 /* ReportCommentView.swift */; };
		7E0D0D7D401DA7C39DFBDF64 /* LoginView.swift in Sources */ = {isa = PBXBuildFile; fileRef = 6D4536DFDF93BD9B357F9A0D /* LoginView.swift */; };
		80F4900014D1D2CA0053AD11 /* UserProfileView.swift in Sources */ = {isa = PBXBuildFile; fileRef = 9F1C82CDB2FF0F1088058E82 /* UserProfileView.swift */; };
		834B1D11FBBC34645F022B66 /* FeedViewModel.swift in Sources */ = {isa = PBXBuildFile; fileRef = 97B170ADCF486B7113F37C76 /* FeedViewModel.swift */; };
		97DD6E05CEE8ED3EEC18E3D3 /* SearchView.swift in Sources */ = {isa = PBXBuildFile; fileRef = FADD45EA0EE661AA341F1AD0 /* SearchView.swift */; };
		9DC00C53EBF6059825A89195 /* UserPostsView.swift in Sources */ = {isa = PBXBuildFile; fileRef = AB188FDA1D0978E1D3ECA85D /* UserPostsView.swift */; };
		AA1B69BE32110332D191F683 /* ContentView.swift in Sources */ = {isa = PBXBuildFile; fileRef = DD72D37F34C087EDA9BBCBDF /* ContentView.swift */; };
		B87F65882C387C176C3F5339 /* SignUpView.swift in Sources */ = {isa = PBXBuildFile; fileRef = 13C3331FD9F72180FDA3F984 /* SignUpView.swift */; };
		BCD94333C6513E636F24189D /* User.swift in Sources */ = {isa = PBXBuildFile; fileRef = F3BBF0A127E07FBDE8DB480A /* User.swift */; };
		D4FF4B6A7713A74DCB7DC183 /* Post.swift in Sources */ = {isa = PBXBuildFile; fileRef = 183B04A2417F147ACECAFADA /* Post.swift */; };
		D502C95F7423366F343221A6 /* Assets.xcassets in Resources */ = {isa = PBXBuildFile; fileRef = 2C11195FE0D38EC0C1838891 /* Assets.xcassets */; };
		D8FE7888F27D690A5556042D /* CreatePostRequest.swift in Sources */ = {isa = PBXBuildFile; fileRef = ACE0B665A5F1830C3DA11AC2 /* CreatePostRequest.swift */; };
		DE7721F0C1441945BC7DF7EA /* UserSearchView.swift in Sources */ = {isa = PBXBuildFile; fileRef = E91A2AE203D5FDC534ACD2AE /* UserSearchView.swift */; };
		E395DB4F3C55DB0B8FE6659A /* CreateReportRequest.swift in Sources */ = {isa = PBXBuildFile; fileRef = 8EDF588E72E6362CF25F5CBB /* CreateReportRequest.swift */; };
		F1F8A637CF27E3AF82C4B7C5 /* APIClient.swift in Sources */ = {isa = PBXBuildFile; fileRef = 7929B89469BBAABBB60C28FA /* APIClient.swift */; };
		C1D2E3F4A5B6789012345679 /* UserPostsListView.swift in Sources */ = {isa = PBXBuildFile; fileRef = D2E3F4A5B6789012345679C1 /* UserPostsListView.swift */; };
		B1C2D3E4F5A6789012345678 /* BlockedUsersView.swift in Sources */ = {isa = PBXBuildFile; fileRef = A1B2C3D4E5F6789012345678 /* BlockedUsersView.swift */; };
/* End PBXBuildFile section */

/* Begin PBXFileReference section */
		13C3331FD9F72180FDA3F984 /* SignUpView.swift */ = {isa = PBXFileReference; lastKnownFileType = sourcecode.swift; path = SignUpView.swift; sourceTree = "<group>"; };
		183B04A2417F147ACECAFADA /* Post.swift */ = {isa = PBXFileReference; lastKnownFileType = sourcecode.swift; path = Post.swift; sourceTree = "<group>"; };
		250136EC4050EE8B36C510F0 /* SearchViewModel.swift */ = {isa = PBXFileReference; lastKnownFileType = sourcecode.swift; path = SearchViewModel.swift; sourceTree = "<group>"; };
		2C11195FE0D38EC0C1838891 /* Assets.xcassets */ = {isa = PBXFileReference; lastKnownFileType = folder.assetcatalog; path = Assets.xcassets; sourceTree = "<group>"; };
		350488B629EE3F78ECB253A4 /* FeedView.swift */ = {isa = PBXFileReference; lastKnownFileType = sourcecode.swift; path = FeedView.swift; sourceTree = "<group>"; };
		39C67D0037D92E07F82A211A /* SugarBeat.app */ = {isa = PBXFileReference; includeInIndex = 0; lastKnownFileType = wrapper.application; path = SugarBeat.app; sourceTree = BUILT_PRODUCTS_DIR; };
		43D7D8C7F199F76C143A79CF /* ReportPostView.swift */ = {isa = PBXFileReference; lastKnownFileType = sourcecode.swift; path = ReportPostView.swift; sourceTree = "<group>"; };
		4FE9F9756265FB4681327DAF /* Info.plist */ = {isa = PBXFileReference; lastKnownFileType = text.plist; path = Info.plist; sourceTree = "<group>"; };
		5EC006309F1FF7C328CBEB44 /* SugarBeatApp.swift */ = {isa = PBXFileReference; lastKnownFileType = sourcecode.swift; path = SugarBeatApp.swift; sourceTree = "<group>"; };
		6D4536DFDF93BD9B357F9A0D /* LoginView.swift */ = {isa = PBXFileReference; lastKnownFileType = sourcecode.swift; path = LoginView.swift; sourceTree = "<group>"; };
		760BCEECA6AEEF2E0043C8EF /* Comment.swift */ = {isa = PBXFileReference; lastKnownFileType = sourcecode.swift; path = Comment.swift; sourceTree = "<group>"; };
		768D8C22E45F8AE834820E74 /* CreatePostViewModel.swift */ = {isa = PBXFileReference; lastKnownFileType = sourcecode.swift; path = CreatePostViewModel.swift; sourceTree = "<group>"; };
		7929B89469BBAABBB60C28FA /* APIClient.swift */ = {isa = PBXFileReference; lastKnownFileType = sourcecode.swift; path = APIClient.swift; sourceTree = "<group>"; };
		7DF565896700D09A709FBDCF /* PlaybackStateManager.swift */ = {isa = PBXFileReference; lastKnownFileType = sourcecode.swift; path = PlaybackStateManager.swift; sourceTree = "<group>"; };
		8C9884B287176970FED46424 /* MusicModels.swift */ = {isa = PBXFileReference; lastKnownFileType = sourcecode.swift; path = MusicModels.swift; sourceTree = "<group>"; };
		8EDF588E72E6362CF25F5CBB /* CreateReportRequest.swift */ = {isa = PBXFileReference; lastKnownFileType = sourcecode.swift; path = CreateReportRequest.swift; sourceTree = "<group>"; };
		911D9E5277B18C5968D58A59 /* AuthModels.swift */ = {isa = PBXFileReference; lastKnownFileType = sourcecode.swift; path = AuthModels.swift; sourceTree = "<group>"; };
		97B170ADCF486B7113F37C76 /* FeedViewModel.swift */ = {isa = PBXFileReference; lastKnownFileType = sourcecode.swift; path = FeedViewModel.swift; sourceTree = "<group>"; };
		9F1C82CDB2FF0F1088058E82 /* UserProfileView.swift */ = {isa = PBXFileReference; lastKnownFileType = sourcecode.swift; path = UserProfileView.swift; sourceTree = "<group>"; };
		AB188FDA1D0978E1D3ECA85D /* UserPostsView.swift */ = {isa = PBXFileReference; lastKnownFileType = sourcecode.swift; path = UserPostsView.swift; sourceTree = "<group>"; };
		ACE0B665A5F1830C3DA11AC2 /* CreatePostRequest.swift */ = {isa = PBXFileReference; lastKnownFileType = sourcecode.swift; path = CreatePostRequest.swift; sourceTree = "<group>"; };
		B26CCED5DF000501172A4A27 /* MusicKitManager.swift */ = {isa = PBXFileReference; lastKnownFileType = sourcecode.swift; path = MusicKitManager.swift; sourceTree = "<group>"; };
		BEF833FDBBEE9FB9BFB18595 /* AuthManager.swift */ = {isa = PBXFileReference; lastKnownFileType = sourcecode.swift; path = AuthManager.swift; sourceTree = "<group>"; };
		C81162C40CE0C846263B8F88 /* UserProfileViewModel.swift */ = {isa = PBXFileReference; lastKnownFileType = sourcecode.swift; path = UserProfileViewModel.swift; sourceTree = "<group>"; };
		D2982798B19A2ED82053F9D1 /* ReportCommentView.swift */ = {isa = PBXFileReference; lastKnownFileType = sourcecode.swift; path = ReportCommentView.swift; sourceTree = "<group>"; };
		D6EA5CCB0C2932678DC51B1B /* LikeStateManager.swift */ = {isa = PBXFileReference; lastKnownFileType = sourcecode.swift; path = LikeStateManager.swift; sourceTree = "<group>"; };
		DD72D37F34C087EDA9BBCBDF /* ContentView.swift */ = {isa = PBXFileReference; lastKnownFileType = sourcecode.swift; path = ContentView.swift; sourceTree = "<group>"; };
		E0520DF8701555C7D9FDE6B1 /* WaveformRangeSelectorView.swift */ = {isa = PBXFileReference; lastKnownFileType = sourcecode.swift; path = WaveformRangeSelectorView.swift; sourceTree = "<group>"; };
		E349706DCC43B2086706E01A /* SugarBeat.entitlements */ = {isa = PBXFileReference; lastKnownFileType = text.plist.entitlements; path = SugarBeat.entitlements; sourceTree = "<group>"; };
		E91A2AE203D5FDC534ACD2AE /* UserSearchView.swift */ = {isa = PBXFileReference; lastKnownFileType = sourcecode.swift; path = UserSearchView.swift; sourceTree = "<group>"; };
		EA3351B47836AD31B921B1AA /* CommentStateManager.swift */ = {isa = PBXFileReference; lastKnownFileType = sourcecode.swift; path = CommentStateManager.swift; sourceTree = "<group>"; };
		F3BBF0A127E07FBDE8DB480A /* User.swift */ = {isa = PBXFileReference; lastKnownFileType = sourcecode.swift; path = User.swift; sourceTree = "<group>"; };
		FADD45EA0EE661AA341F1AD0 /* SearchView.swift */ = {isa = PBXFileReference; lastKnownFileType = sourcecode.swift; path = SearchView.swift; sourceTree = "<group>"; };
		D2E3F4A5B6789012345679C1 /* UserPostsListView.swift */ = {isa = PBXFileReference; lastKnownFileType = sourcecode.swift; path = UserPostsListView.swift; sourceTree = "<group>"; };
		A1B2C3D4E5F6789012345678 /* BlockedUsersView.swift */ = {isa = PBXFileReference; lastKnownFileType = sourcecode.swift; path = BlockedUsersView.swift; sourceTree = "<group>"; };
/* End PBXFileReference section */

/* Begin PBXGroup section */
		5458C0FA3C92516BC65321D6 /* SugarBeat */ = {
			isa = PBXGroup;
			children = (
				2C11195FE0D38EC0C1838891 /* Assets.xcassets */,
				4FE9F9756265FB4681327DAF /* Info.plist */,
				E349706DCC43B2086706E01A /* SugarBeat.entitlements */,
				5EC006309F1FF7C328CBEB44 /* SugarBeatApp.swift */,
				D25A6BB726E2F2A335A56847 /* Models */,
				BE8EB3B2D70B2D367562AF6A /* Services */,
				D2774970DCFEA84A30EE0C15 /* ViewModels */,
				D25617C2B1210818F8F255E0 /* Views */,
			);
			path = SugarBeat;
			sourceTree = "<group>";
		};
		B5F581F9B10A75F158A0E0B0 /* Products */ = {
			isa = PBXGroup;
			children = (
				39C67D0037D92E07F82A211A /* SugarBeat.app */,
			);
			name = Products;
			sourceTree = "<group>";
		};
		BE8EB3B2D70B2D367562AF6A /* Services */ = {
			isa = PBXGroup;
			children = (
				7929B89469BBAABBB60C28FA /* APIClient.swift */,
				BEF833FDBBEE9FB9BFB18595 /* AuthManager.swift */,
				EA3351B47836AD31B921B1AA /* CommentStateManager.swift */,
				D6EA5CCB0C2932678DC51B1B /* LikeStateManager.swift */,
				B26CCED5DF000501172A4A27 /* MusicKitManager.swift */,
				7DF565896700D09A709FBDCF /* PlaybackStateManager.swift */,
			);
			path = Services;
			sourceTree = "<group>";
		};
		CD609ABFCC5E8427C3719355 = {
			isa = PBXGroup;
			children = (
				5458C0FA3C92516BC65321D6 /* SugarBeat */,
				B5F581F9B10A75F158A0E0B0 /* Products */,
			);
			sourceTree = "<group>";
		};
		D25617C2B1210818F8F255E0 /* Views */ = {
			isa = PBXGroup;
			children = (
				DD72D37F34C087EDA9BBCBDF /* ContentView.swift */,
				350488B629EE3F78ECB253A4 /* FeedView.swift */,
				6D4536DFDF93BD9B357F9A0D /* LoginView.swift */,
				D2982798B19A2ED82053F9D1 /* ReportCommentView.swift */,
				43D7D8C7F199F76C143A79CF /* ReportPostView.swift */,
				FADD45EA0EE661AA341F1AD0 /* SearchView.swift */,
				13C3331FD9F72180FDA3F984 /* SignUpView.swift */,
				A1B2C3D4E5F6789012345678 /* BlockedUsersView.swift */,
				D2E3F4A5B6789012345679C1 /* UserPostsListView.swift */,
				AB188FDA1D0978E1D3ECA85D /* UserPostsView.swift */,
				9F1C82CDB2FF0F1088058E82 /* UserProfileView.swift */,
				E91A2AE203D5FDC534ACD2AE /* UserSearchView.swift */,
				E0520DF8701555C7D9FDE6B1 /* WaveformRangeSelectorView.swift */,
			);
			path = Views;
			sourceTree = "<group>";
		};
		D25A6BB726E2F2A335A56847 /* Models */ = {
			isa = PBXGroup;
			children = (
				911D9E5277B18C5968D58A59 /* AuthModels.swift */,
				760BCEECA6AEEF2E0043C8EF /* Comment.swift */,
				ACE0B665A5F1830C3DA11AC2 /* CreatePostRequest.swift */,
				8EDF588E72E6362CF25F5CBB /* CreateReportRequest.swift */,
				8C9884B287176970FED46424 /* MusicModels.swift */,
				183B04A2417F147ACECAFADA /* Post.swift */,
				F3BBF0A127E07FBDE8DB480A /* User.swift */,
			);
			path = Models;
			sourceTree = "<group>";
		};
		D2774970DCFEA84A30EE0C15 /* ViewModels */ = {
			isa = PBXGroup;
			children = (
				768D8C22E45F8AE834820E74 /* CreatePostViewModel.swift */,
				97B170ADCF486B7113F37C76 /* FeedViewModel.swift */,
				250136EC4050EE8B36C510F0 /* SearchViewModel.swift */,
				C81162C40CE0C846263B8F88 /* UserProfileViewModel.swift */,
			);
			path = ViewModels;
			sourceTree = "<group>";
		};
/* End PBXGroup section */

/* Begin PBXNativeTarget section */
		DAE9FF28FBE7726EB8226B15 /* SugarBeat */ = {
			isa = PBXNativeTarget;
			buildConfigurationList = 5E24436DE3EE3F5951E61DB9 /* Build configuration list for PBXNativeTarget "SugarBeat" */;
			buildPhases = (
				C3D411650FE2D78C8D67CDEB /* Sources */,
				7BA02A89B04F5A26D1A08BFB /* Resources */,
			);
			buildRules = (
			);
			dependencies = (
			);
			name = SugarBeat;
			packageProductDependencies = (
			);
			productName = SugarBeat;
			productReference = 39C67D0037D92E07F82A211A /* SugarBeat.app */;
			productType = "com.apple.product-type.application";
		};
/* End PBXNativeTarget section */

/* Begin PBXProject section */
		BC739B6DA853EE50438874AA /* Project object */ = {
			isa = PBXProject;
			attributes = {
				BuildIndependentTargetsInParallel = YES;
				LastUpgradeCheck = 1430;
				TargetAttributes = {
					DAE9FF28FBE7726EB8226B15 = {
						DevelopmentTeam = M86QCKBHW8;
						ProvisioningStyle = Automatic;
					};
				};
			};
			buildConfigurationList = 53C0A5AF4B5870D165082E32 /* Build configuration list for PBXProject "SugarBeat" */;
			compatibilityVersion = "Xcode 14.0";
			developmentRegion = ja;
			hasScannedForEncodings = 0;
			knownRegions = (
				Base,
				ja,
			);
			mainGroup = CD609ABFCC5E8427C3719355;
			minimizedProjectReferenceProxies = 1;
			preferredProjectObjectVersion = 77;
			projectDirPath = "";
			projectRoot = "";
			targets = (
				DAE9FF28FBE7726EB8226B15 /* SugarBeat */,
			);
		};
/* End PBXProject section */

/* Begin PBXResourcesBuildPhase section */
		7BA02A89B04F5A26D1A08BFB /* Resources */ = {
			isa = PBXResourcesBuildPhase;
			buildActionMask = 2147483647;
			files = (
				D502C95F7423366F343221A6 /* Assets.xcassets in Resources */,
			);
			runOnlyForDeploymentPostprocessing = 0;
		};
/* End PBXResourcesBuildPhase section */

/* Begin PBXSourcesBuildPhase section */
		C3D411650FE2D78C8D67CDEB /* Sources */ = {
			isa = PBXSourcesBuildPhase;
			buildActionMask = 2147483647;
			files = (
				F1F8A637CF27E3AF82C4B7C5 /* APIClient.swift in Sources */,
				4DFA5E2032F7D459A2F331C0 /* AuthManager.swift in Sources */,
				423A8DAC58D7DCD6A6EB95C5 /* AuthModels.swift in Sources */,
				4330CF90B8BC7F5DCFD7B3EE /* Comment.swift in Sources */,
				5293E5DCAF836184BA11806E /* CommentStateManager.swift in Sources */,
				AA1B69BE32110332D191F683 /* ContentView.swift in Sources */,
				D8FE7888F27D690A5556042D /* CreatePostRequest.swift in Sources */,
				22374B8C915C6C2A632B5CB4 /* CreatePostViewModel.swift in Sources */,
				E395DB4F3C55DB0B8FE6659A /* CreateReportRequest.swift in Sources */,
				28037D9B9E9E38F3A16864F0 /* FeedView.swift in Sources */,
				834B1D11FBBC34645F022B66 /* FeedViewModel.swift in Sources */,
				1BAC1A4AAB4C36BB2497768F /* LikeStateManager.swift in Sources */,
				7E0D0D7D401DA7C39DFBDF64 /* LoginView.swift in Sources */,
				4698B03E006E9296A0426AAD /* MusicKitManager.swift in Sources */,
				5839C234EB4D5E683531E46D /* MusicModels.swift in Sources */,
				219FE52D6AF412D066A7E6B6 /* PlaybackStateManager.swift in Sources */,
				D4FF4B6A7713A74DCB7DC183 /* Post.swift in Sources */,
				59F9EA298EDF367D824D11DD /* ReportCommentView.swift in Sources */,
				04E3E4F391AE053F2589DFE8 /* ReportPostView.swift in Sources */,
				97DD6E05CEE8ED3EEC18E3D3 /* SearchView.swift in Sources */,
				0EBC7900F2E77A575BB868DD /* SearchViewModel.swift in Sources */,
				B87F65882C387C176C3F5339 /* SignUpView.swift in Sources */,
				B1C2D3E4F5A6789012345678 /* BlockedUsersView.swift in Sources */,
				C1D2E3F4A5B6789012345679 /* UserPostsListView.swift in Sources */,
				37519DAEFD2AFAF8140A10CF /* SugarBeatApp.swift in Sources */,
				BCD94333C6513E636F24189D /* User.swift in Sources */,
				9DC00C53EBF6059825A89195 /* UserPostsView.swift in Sources */,
				80F4900014D1D2CA0053AD11 /* UserProfileView.swift in Sources */,
				54E4C722674ADCAC481A8229 /* UserProfileViewModel.swift in Sources */,
				DE7721F0C1441945BC7DF7EA /* UserSearchView.swift in Sources */,
				008D9DA98E3D92AA0CF1F742 /* WaveformRangeSelectorView.swift in Sources */,
			);
			runOnlyForDeploymentPostprocessing = 0;
		};
/* End PBXSourcesBuildPhase section */

/* Begin XCBuildConfiguration section */
		038C4D14A556588B2AD93CEE /* Release */ = {
			isa = XCBuildConfiguration;
			buildSettings = {
				ALWAYS_SEARCH_USER_PATHS = NO;
				CLANG_ANALYZER_NONNULL = YES;
				CLANG_ANALYZER_NUMBER_OBJECT_CONVERSION = YES_AGGRESSIVE;
				CLANG_CXX_LANGUAGE_STANDARD = "gnu++14";
				CLANG_CXX_LIBRARY = "libc++";
				CLANG_ENABLE_MODULES = YES;
				CLANG_ENABLE_OBJC_ARC = YES;
				CLANG_ENABLE_OBJC_WEAK = YES;
				CLANG_WARN_BLOCK_CAPTURE_AUTORELEASING = YES;
				CLANG_WARN_BOOL_CONVERSION = YES;
				CLANG_WARN_COMMA = YES;
				CLANG_WARN_CONSTANT_CONVERSION = YES;
				CLANG_WARN_DEPRECATED_OBJC_IMPLEMENTATIONS = YES;
				CLANG_WARN_DIRECT_OBJC_ISA_USAGE = YES_ERROR;
				CLANG_WARN_DOCUMENTATION_COMMENTS = YES;
				CLANG_WARN_EMPTY_BODY = YES;
				CLANG_WARN_ENUM_CONVERSION = YES;
				CLANG_WARN_INFINITE_RECURSION = YES;
				CLANG_WARN_INT_CONVERSION = YES;
				CLANG_WARN_NON_LITERAL_NULL_CONVERSION = YES;
				CLANG_WARN_OBJC_IMPLICIT_RETAIN_SELF = YES;
				CLANG_WARN_OBJC_LITERAL_CONVERSION = YES;
				CLANG_WARN_OBJC_ROOT_CLASS = YES_ERROR;
				CLANG_WARN_QUOTED_INCLUDE_IN_FRAMEWORK_HEADER = YES;
				CLANG_WARN_RANGE_LOOP_ANALYSIS = YES;
				CLANG_WARN_STRICT_PROTOTYPES = YES;
				CLANG_WARN_SUSPICIOUS_MOVE = YES;
				CLANG_WARN_UNGUARDED_AVAILABILITY = YES_AGGRESSIVE;
				CLANG_WARN_UNREACHABLE_CODE = YES;
				CLANG_WARN__DUPLICATE_METHOD_MATCH = YES;
				COPY_PHASE_STRIP = NO;
				CURRENT_PROJECT_VERSION = 1;
				DEBUG_INFORMATION_FORMAT = "dwarf-with-dsym";
				ENABLE_NS_ASSERTIONS = NO;
				ENABLE_STRICT_OBJC_MSGSEND = YES;
				GCC_C_LANGUAGE_STANDARD = gnu11;
				GCC_NO_COMMON_BLOCKS = YES;
				GCC_WARN_64_TO_32_BIT_CONVERSION = YES;
				GCC_WARN_ABOUT_RETURN_TYPE = YES_ERROR;
				GCC_WARN_UNDECLARED_SELECTOR = YES;
				GCC_WARN_UNINITIALIZED_AUTOS = YES_AGGRESSIVE;
				GCC_WARN_UNUSED_FUNCTION = YES;
				GCC_WARN_UNUSED_VARIABLE = YES;
				IPHONEOS_DEPLOYMENT_TARGET = 16.0;
				MARKETING_VERSION = 1.0.0;
				MTL_ENABLE_DEBUG_INFO = NO;
				MTL_FAST_MATH = YES;
				PRODUCT_NAME = "$(TARGET_NAME)";
				SDKROOT = iphoneos;
				SWIFT_COMPILATION_MODE = wholemodule;
				SWIFT_OPTIMIZATION_LEVEL = "-O";
				SWIFT_VERSION = 5.0;
			};
			name = Release;
		};
		3D6F2C9B9C2260CBA580923D /* Release */ = {
			isa = XCBuildConfiguration;
			buildSettings = {
				ASSETCATALOG_COMPILER_APPICON_NAME = AppIcon;
				CODE_SIGN_ENTITLEMENTS = SugarBeat/SugarBeat.entitlements;
				CODE_SIGN_IDENTITY = "iPhone Developer";
				CODE_SIGN_STYLE = Automatic;
				DEVELOPMENT_TEAM = M86QCKBHW8;
				INFOPLIST_FILE = SugarBeat/Info.plist;
				IPHONEOS_DEPLOYMENT_TARGET = 16.0;
				LD_RUNPATH_SEARCH_PATHS = (
					"$(inherited)",
					"@executable_path/Frameworks",
				);
				PRODUCT_BUNDLE_IDENTIFIER = com.sugarbeat.SugarBeat;
				SDKROOT = iphoneos;
				SWIFT_VERSION = 5.9;
				TARGETED_DEVICE_FAMILY = "1,2";
			};
			name = Release;
		};
		6A194414D3214A843FA8319E /* Debug */ = {
			isa = XCBuildConfiguration;
			buildSettings = {
				ALWAYS_SEARCH_USER_PATHS = NO;
				CLANG_ANALYZER_NONNULL = YES;
				CLANG_ANALYZER_NUMBER_OBJECT_CONVERSION = YES_AGGRESSIVE;
				CLANG_CXX_LANGUAGE_STANDARD = "gnu++14";
				CLANG_CXX_LIBRARY = "libc++";
				CLANG_ENABLE_MODULES = YES;
				CLANG_ENABLE_OBJC_ARC = YES;
				CLANG_ENABLE_OBJC_WEAK = YES;
				CLANG_WARN_BLOCK_CAPTURE_AUTORELEASING = YES;
				CLANG_WARN_BOOL_CONVERSION = YES;
				CLANG_WARN_COMMA = YES;
				CLANG_WARN_CONSTANT_CONVERSION = YES;
				CLANG_WARN_DEPRECATED_OBJC_IMPLEMENTATIONS = YES;
				CLANG_WARN_DIRECT_OBJC_ISA_USAGE = YES_ERROR;
				CLANG_WARN_DOCUMENTATION_COMMENTS = YES;
				CLANG_WARN_EMPTY_BODY = YES;
				CLANG_WARN_ENUM_CONVERSION = YES;
				CLANG_WARN_INFINITE_RECURSION = YES;
				CLANG_WARN_INT_CONVERSION = YES;
				CLANG_WARN_NON_LITERAL_NULL_CONVERSION = YES;
				CLANG_WARN_OBJC_IMPLICIT_RETAIN_SELF = YES;
				CLANG_WARN_OBJC_LITERAL_CONVERSION = YES;
				CLANG_WARN_OBJC_ROOT_CLASS = YES_ERROR;
				CLANG_WARN_QUOTED_INCLUDE_IN_FRAMEWORK_HEADER = YES;
				CLANG_WARN_RANGE_LOOP_ANALYSIS = YES;
				CLANG_WARN_STRICT_PROTOTYPES = YES;
				CLANG_WARN_SUSPICIOUS_MOVE = YES;
				CLANG_WARN_UNGUARDED_AVAILABILITY = YES_AGGRESSIVE;
				CLANG_WARN_UNREACHABLE_CODE = YES;
				CLANG_WARN__DUPLICATE_METHOD_MATCH = YES;
				COPY_PHASE_STRIP = NO;
				CURRENT_PROJECT_VERSION = 1;
				DEBUG_INFORMATION_FORMAT = dwarf;
				ENABLE_STRICT_OBJC_MSGSEND = YES;
				ENABLE_TESTABILITY = YES;
				GCC_C_LANGUAGE_STANDARD = gnu11;
				GCC_DYNAMIC_NO_PIC = NO;
				GCC_NO_COMMON_BLOCKS = YES;
				GCC_OPTIMIZATION_LEVEL = 0;
				GCC_PREPROCESSOR_DEFINITIONS = (
					"$(inherited)",
					"DEBUG=1",
				);
				GCC_WARN_64_TO_32_BIT_CONVERSION = YES;
				GCC_WARN_ABOUT_RETURN_TYPE = YES_ERROR;
				GCC_WARN_UNDECLARED_SELECTOR = YES;
				GCC_WARN_UNINITIALIZED_AUTOS = YES_AGGRESSIVE;
				GCC_WARN_UNUSED_FUNCTION = YES;
				GCC_WARN_UNUSED_VARIABLE = YES;
				IPHONEOS_DEPLOYMENT_TARGET = 16.0;
				MARKETING_VERSION = 1.0.0;
				MTL_ENABLE_DEBUG_INFO = INCLUDE_SOURCE;
				MTL_FAST_MATH = YES;
				ONLY_ACTIVE_ARCH = YES;
				PRODUCT_NAME = "$(TARGET_NAME)";
				SDKROOT = iphoneos;
				SWIFT_ACTIVE_COMPILATION_CONDITIONS = DEBUG;
				SWIFT_OPTIMIZATION_LEVEL = "-Onone";
				SWIFT_VERSION = 5.0;
			};
			name = Debug;
		};
		D411A947453FA2FA2B3853BA /* Debug */ = {
			isa = XCBuildConfiguration;
			buildSettings = {
				ASSETCATALOG_COMPILER_APPICON_NAME = AppIcon;
				CODE_SIGN_ENTITLEMENTS = SugarBeat/SugarBeat.entitlements;
				CODE_SIGN_IDENTITY = "iPhone Developer";
				CODE_SIGN_STYLE = Automatic;
				DEVELOPMENT_TEAM = M86QCKBHW8;
				INFOPLIST_FILE = SugarBeat/Info.plist;
				IPHONEOS_DEPLOYMENT_TARGET = 16.0;
				LD_RUNPATH_SEARCH_PATHS = (
					"$(inherited)",
					"@executable_path/Frameworks",
				);
				PRODUCT_BUNDLE_IDENTIFIER = com.sugarbeat.SugarBeat;
				SDKROOT = iphoneos;
				SWIFT_VERSION = 5.9;
				TARGETED_DEVICE_FAMILY = "1,2";
			};
			name = Debug;
		};
/* End XCBuildConfiguration section */

/* Begin XCConfigurationList section */
		53C0A5AF4B5870D165082E32 /* Build configuration list for PBXProject "SugarBeat" */ = {
			isa = XCConfigurationList;
			buildConfigurations = (
				6A194414D3214A843FA8319E /* Debug */,
				038C4D14A556588B2AD93CEE /* Release */,
			);
			defaultConfigurationIsVisible = 0;
			defaultConfigurationName = Debug;
		};
		5E24436DE3EE3F5951E61DB9 /* Build configuration list for PBXNativeTarget "SugarBeat" */ = {
			isa = XCConfigurationList;
			buildConfigurations = (
				D411A947453FA2FA2B3853BA /* Debug */,
				3D6F2C9B9C2260CBA580923D /* Release */,
			);
			defaultConfigurationIsVisible = 0;
			defaultConfigurationName = Debug;
		};
/* End XCConfigurationList section */
	};
	rootObject = BC739B6DA853EE50438874AA /* Project object */;
}
